// !$*UTF8*$!
{
	archiveVersion = 1;
	classes = {
	};
	objectVersion = 56;
	objects = {

/* Begin PBXBuildFile section */
		726F42B92AB8703E0062D7ED /* UseCase.swift in Sources */ = {isa = PBXBuildFile; fileRef = 726F42B82AB8703E0062D7ED /* UseCase.swift */; };
		726F42BB2AB8718A0062D7ED /* CreateUserUseCase.swift in Sources */ = {isa = PBXBuildFile; fileRef = 726F42BA2AB8718A0062D7ED /* CreateUserUseCase.swift */; };
		726F42BD2AB873C90062D7ED /* WorkScheduler.swift in Sources */ = {isa = PBXBuildFile; fileRef = 726F42BC2AB873C90062D7ED /* WorkScheduler.swift */; };
		726F42BF2AB8821A0062D7ED /* AuthRepository.swift in Sources */ = {isa = PBXBuildFile; fileRef = 726F42BE2AB8821A0062D7ED /* AuthRepository.swift */; };
		726F42C22AB883960062D7ED /* AuthRepositoryImpl.swift in Sources */ = {isa = PBXBuildFile; fileRef = 726F42C12AB883960062D7ED /* AuthRepositoryImpl.swift */; };
		726F42C42AB886B80062D7ED /* GoogleService-Info.plist in Resources */ = {isa = PBXBuildFile; fileRef = 726F42C32AB886B80062D7ED /* GoogleService-Info.plist */; };
		726F42CB2AB89EBA0062D7ED /* UserRepository.swift in Sources */ = {isa = PBXBuildFile; fileRef = 726F42CA2AB89EBA0062D7ED /* UserRepository.swift */; };
		726F42CD2AB89EF10062D7ED /* User.swift in Sources */ = {isa = PBXBuildFile; fileRef = 726F42CC2AB89EF10062D7ED /* User.swift */; };
		726F42CF2AB89F9C0062D7ED /* UserRepositoryImpl.swift in Sources */ = {isa = PBXBuildFile; fileRef = 726F42CE2AB89F9C0062D7ED /* UserRepositoryImpl.swift */; };
		726F42D12AB89FC60062D7ED /* CreateUserInfo.swift in Sources */ = {isa = PBXBuildFile; fileRef = 726F42D02AB89FC60062D7ED /* CreateUserInfo.swift */; };
		726F42D42AB8A0790062D7ED /* UserRemoteResourceImpl.swift in Sources */ = {isa = PBXBuildFile; fileRef = 726F42D32AB8A0790062D7ED /* UserRemoteResourceImpl.swift */; };
		726F42D72AB8A0D00062D7ED /* UserRemoteResource.swift in Sources */ = {isa = PBXBuildFile; fileRef = 726F42D62AB8A0D00062D7ED /* UserRemoteResource.swift */; };
		726F42DA2AB8A4150062D7ED /* Result+Extension.swift in Sources */ = {isa = PBXBuildFile; fileRef = 726F42D92AB8A4150062D7ED /* Result+Extension.swift */; };
		726F42DD2AB8A5F70062D7ED /* Errors.swift in Sources */ = {isa = PBXBuildFile; fileRef = 726F42DC2AB8A5F70062D7ED /* Errors.swift */; };
		726F42E12AB8ADFD0062D7ED /* FeedViewController.swift in Sources */ = {isa = PBXBuildFile; fileRef = 726F42E02AB8ADFD0062D7ED /* FeedViewController.swift */; };
		726F42E62AB8B6A90062D7ED /* IsUserAuthorizedUseCase.swift in Sources */ = {isa = PBXBuildFile; fileRef = 726F42E52AB8B6A90062D7ED /* IsUserAuthorizedUseCase.swift */; };
		726F42E92AB8B9960062D7ED /* AuthErrors.swift in Sources */ = {isa = PBXBuildFile; fileRef = 726F42E82AB8B9960062D7ED /* AuthErrors.swift */; };
		726F42EE2AB8BDC50062D7ED /* UserErrors.swift in Sources */ = {isa = PBXBuildFile; fileRef = 726F42ED2AB8BDC50062D7ED /* UserErrors.swift */; };
		726F42F12AB8BE200062D7ED /* UserMapper.swift in Sources */ = {isa = PBXBuildFile; fileRef = 726F42F02AB8BE200062D7ED /* UserMapper.swift */; };
		72B8C3EB2AB9898200D941E1 /* LoginViewModel.swift in Sources */ = {isa = PBXBuildFile; fileRef = 72B8C3EA2AB9898200D941E1 /* LoginViewModel.swift */; };
		72B8C3EE2AB98A6400D941E1 /* FieldValidators.swift in Sources */ = {isa = PBXBuildFile; fileRef = 72B8C3ED2AB98A6400D941E1 /* FieldValidators.swift */; };
		72B8C3F02AB9923800D941E1 /* SignInUserUseCase.swift in Sources */ = {isa = PBXBuildFile; fileRef = 72B8C3EF2AB9923800D941E1 /* SignInUserUseCase.swift */; };
		72B8C3F32AB9AE7E00D941E1 /* FeedCell.swift in Sources */ = {isa = PBXBuildFile; fileRef = 72B8C3F22AB9AE7E00D941E1 /* FeedCell.swift */; };
		72B8C3FE2ABB1DC500D941E1 /* Auth+Extension.swift in Sources */ = {isa = PBXBuildFile; fileRef = 72B8C3FD2ABB1DC500D941E1 /* Auth+Extension.swift */; };
		72B8C4052ABB20EE00D941E1 /* DocumentReference+Extension.swift in Sources */ = {isa = PBXBuildFile; fileRef = 72B8C4042ABB20EE00D941E1 /* DocumentReference+Extension.swift */; };
		72B8C4072ABB21DB00D941E1 /* FirebaseError.swift in Sources */ = {isa = PBXBuildFile; fileRef = 72B8C4062ABB21DB00D941E1 /* FirebaseError.swift */; };
		72B8C40A2ABDD24200D941E1 /* AppCoordinator.swift in Sources */ = {isa = PBXBuildFile; fileRef = 72B8C4092ABDD24200D941E1 /* AppCoordinator.swift */; };
		72B8C40D2ABDD26400D941E1 /* Coordinator.swift in Sources */ = {isa = PBXBuildFile; fileRef = 72B8C40C2ABDD26400D941E1 /* Coordinator.swift */; };
		72B8C4122ABE1ED700D941E1 /* AuthCoordinator.swift in Sources */ = {isa = PBXBuildFile; fileRef = 72B8C4112ABE1ED700D941E1 /* AuthCoordinator.swift */; };
		72B8C4142ABE1F6300D941E1 /* ListenAuthUseCase.swift in Sources */ = {isa = PBXBuildFile; fileRef = 72B8C4132ABE1F6300D941E1 /* ListenAuthUseCase.swift */; };
		72E0443A2AB2D94D0087591A /* AppDelegate.swift in Sources */ = {isa = PBXBuildFile; fileRef = 72E044392AB2D94D0087591A /* AppDelegate.swift */; };
		72E0443C2AB2D94D0087591A /* SceneDelegate.swift in Sources */ = {isa = PBXBuildFile; fileRef = 72E0443B2AB2D94D0087591A /* SceneDelegate.swift */; };
		72E0443E2AB2D94D0087591A /* AuthViewController.swift in Sources */ = {isa = PBXBuildFile; fileRef = 72E0443D2AB2D94D0087591A /* AuthViewController.swift */; };
		72E044432AB2D94E0087591A /* Assets.xcassets in Resources */ = {isa = PBXBuildFile; fileRef = 72E044422AB2D94E0087591A /* Assets.xcassets */; };
		72E044462AB2D94E0087591A /* LaunchScreen.storyboard in Resources */ = {isa = PBXBuildFile; fileRef = 72E044442AB2D94E0087591A /* LaunchScreen.storyboard */; };
		72E044502AB2DABA0087591A /* AppStarter.swift in Sources */ = {isa = PBXBuildFile; fileRef = 72E0444F2AB2DABA0087591A /* AppStarter.swift */; };
		72E044592AB2DC5D0087591A /* RegisterViewModel.swift in Sources */ = {isa = PBXBuildFile; fileRef = 72E044582AB2DC5D0087591A /* RegisterViewModel.swift */; };
		72E0445D2AB2E1D90087591A /* Preview+Extension.swift in Sources */ = {isa = PBXBuildFile; fileRef = 72E0445C2AB2E1D90087591A /* Preview+Extension.swift */; };
		72E044602AB2E54C0087591A /* ThoughtsButton.swift in Sources */ = {isa = PBXBuildFile; fileRef = 72E0445F2AB2E54C0087591A /* ThoughtsButton.swift */; };
		72E044642AB2EE690087591A /* RegisterViewController.swift in Sources */ = {isa = PBXBuildFile; fileRef = 72E044632AB2EE690087591A /* RegisterViewController.swift */; };
		72E044662AB2F33D0087591A /* AuthField.swift in Sources */ = {isa = PBXBuildFile; fileRef = 72E044652AB2F33D0087591A /* AuthField.swift */; };
		72E044682AB45DF20087591A /* LoginViewController.swift in Sources */ = {isa = PBXBuildFile; fileRef = 72E044672AB45DF20087591A /* LoginViewController.swift */; };
		72E0446B2AB50B410087591A /* BusinessLogicResolver.swift in Sources */ = {isa = PBXBuildFile; fileRef = 72E0446A2AB50B410087591A /* BusinessLogicResolver.swift */; };
		873DBDF06E4EFFF473A9712A /* Pods_Thoughts.framework in Frameworks */ = {isa = PBXBuildFile; fileRef = 5A0573B8931D772BF3FE9DFC /* Pods_Thoughts.framework */; };
/* End PBXBuildFile section */

/* Begin PBXFileReference section */
		5A0573B8931D772BF3FE9DFC /* Pods_Thoughts.framework */ = {isa = PBXFileReference; explicitFileType = wrapper.framework; includeInIndex = 0; path = Pods_Thoughts.framework; sourceTree = BUILT_PRODUCTS_DIR; };
		726F42B82AB8703E0062D7ED /* UseCase.swift */ = {isa = PBXFileReference; lastKnownFileType = sourcecode.swift; path = UseCase.swift; sourceTree = "<group>"; };
		726F42BA2AB8718A0062D7ED /* CreateUserUseCase.swift */ = {isa = PBXFileReference; lastKnownFileType = sourcecode.swift; path = CreateUserUseCase.swift; sourceTree = "<group>"; };
		726F42BC2AB873C90062D7ED /* WorkScheduler.swift */ = {isa = PBXFileReference; lastKnownFileType = sourcecode.swift; path = WorkScheduler.swift; sourceTree = "<group>"; };
		726F42BE2AB8821A0062D7ED /* AuthRepository.swift */ = {isa = PBXFileReference; lastKnownFileType = sourcecode.swift; path = AuthRepository.swift; sourceTree = "<group>"; };
		726F42C12AB883960062D7ED /* AuthRepositoryImpl.swift */ = {isa = PBXFileReference; lastKnownFileType = sourcecode.swift; path = AuthRepositoryImpl.swift; sourceTree = "<group>"; };
		726F42C32AB886B80062D7ED /* GoogleService-Info.plist */ = {isa = PBXFileReference; fileEncoding = 4; lastKnownFileType = text.plist.xml; path = "GoogleService-Info.plist"; sourceTree = "<group>"; };
		726F42CA2AB89EBA0062D7ED /* UserRepository.swift */ = {isa = PBXFileReference; lastKnownFileType = sourcecode.swift; path = UserRepository.swift; sourceTree = "<group>"; };
		726F42CC2AB89EF10062D7ED /* User.swift */ = {isa = PBXFileReference; lastKnownFileType = sourcecode.swift; path = User.swift; sourceTree = "<group>"; };
		726F42CE2AB89F9C0062D7ED /* UserRepositoryImpl.swift */ = {isa = PBXFileReference; lastKnownFileType = sourcecode.swift; path = UserRepositoryImpl.swift; sourceTree = "<group>"; };
		726F42D02AB89FC60062D7ED /* CreateUserInfo.swift */ = {isa = PBXFileReference; lastKnownFileType = sourcecode.swift; path = CreateUserInfo.swift; sourceTree = "<group>"; };
		726F42D32AB8A0790062D7ED /* UserRemoteResourceImpl.swift */ = {isa = PBXFileReference; lastKnownFileType = sourcecode.swift; path = UserRemoteResourceImpl.swift; sourceTree = "<group>"; };
		726F42D62AB8A0D00062D7ED /* UserRemoteResource.swift */ = {isa = PBXFileReference; lastKnownFileType = sourcecode.swift; path = UserRemoteResource.swift; sourceTree = "<group>"; };
		726F42D92AB8A4150062D7ED /* Result+Extension.swift */ = {isa = PBXFileReference; lastKnownFileType = sourcecode.swift; path = "Result+Extension.swift"; sourceTree = "<group>"; };
		726F42DC2AB8A5F70062D7ED /* Errors.swift */ = {isa = PBXFileReference; lastKnownFileType = sourcecode.swift; path = Errors.swift; sourceTree = "<group>"; };
		726F42E02AB8ADFD0062D7ED /* FeedViewController.swift */ = {isa = PBXFileReference; lastKnownFileType = sourcecode.swift; path = FeedViewController.swift; sourceTree = "<group>"; };
		726F42E52AB8B6A90062D7ED /* IsUserAuthorizedUseCase.swift */ = {isa = PBXFileReference; lastKnownFileType = sourcecode.swift; path = IsUserAuthorizedUseCase.swift; sourceTree = "<group>"; };
		726F42E82AB8B9960062D7ED /* AuthErrors.swift */ = {isa = PBXFileReference; lastKnownFileType = sourcecode.swift; path = AuthErrors.swift; sourceTree = "<group>"; };
		726F42ED2AB8BDC50062D7ED /* UserErrors.swift */ = {isa = PBXFileReference; lastKnownFileType = sourcecode.swift; path = UserErrors.swift; sourceTree = "<group>"; };
		726F42F02AB8BE200062D7ED /* UserMapper.swift */ = {isa = PBXFileReference; lastKnownFileType = sourcecode.swift; path = UserMapper.swift; sourceTree = "<group>"; };
		72B8C3EA2AB9898200D941E1 /* LoginViewModel.swift */ = {isa = PBXFileReference; lastKnownFileType = sourcecode.swift; path = LoginViewModel.swift; sourceTree = "<group>"; };
		72B8C3ED2AB98A6400D941E1 /* FieldValidators.swift */ = {isa = PBXFileReference; lastKnownFileType = sourcecode.swift; path = FieldValidators.swift; sourceTree = "<group>"; };
		72B8C3EF2AB9923800D941E1 /* SignInUserUseCase.swift */ = {isa = PBXFileReference; lastKnownFileType = sourcecode.swift; path = SignInUserUseCase.swift; sourceTree = "<group>"; };
		72B8C3F22AB9AE7E00D941E1 /* FeedCell.swift */ = {isa = PBXFileReference; lastKnownFileType = sourcecode.swift; path = FeedCell.swift; sourceTree = "<group>"; };
		72B8C3FD2ABB1DC500D941E1 /* Auth+Extension.swift */ = {isa = PBXFileReference; lastKnownFileType = sourcecode.swift; path = "Auth+Extension.swift"; sourceTree = "<group>"; };
		72B8C4042ABB20EE00D941E1 /* DocumentReference+Extension.swift */ = {isa = PBXFileReference; lastKnownFileType = sourcecode.swift; path = "DocumentReference+Extension.swift"; sourceTree = "<group>"; };
		72B8C4062ABB21DB00D941E1 /* FirebaseError.swift */ = {isa = PBXFileReference; lastKnownFileType = sourcecode.swift; path = FirebaseError.swift; sourceTree = "<group>"; };
		72B8C4092ABDD24200D941E1 /* AppCoordinator.swift */ = {isa = PBXFileReference; lastKnownFileType = sourcecode.swift; path = AppCoordinator.swift; sourceTree = "<group>"; };
		72B8C40C2ABDD26400D941E1 /* Coordinator.swift */ = {isa = PBXFileReference; lastKnownFileType = sourcecode.swift; path = Coordinator.swift; sourceTree = "<group>"; };
		72B8C4112ABE1ED700D941E1 /* AuthCoordinator.swift */ = {isa = PBXFileReference; lastKnownFileType = sourcecode.swift; path = AuthCoordinator.swift; sourceTree = "<group>"; };
		72B8C4132ABE1F6300D941E1 /* ListenAuthUseCase.swift */ = {isa = PBXFileReference; lastKnownFileType = sourcecode.swift; path = ListenAuthUseCase.swift; sourceTree = "<group>"; };
		72E044362AB2D94D0087591A /* Thoughts.app */ = {isa = PBXFileReference; explicitFileType = wrapper.application; includeInIndex = 0; path = Thoughts.app; sourceTree = BUILT_PRODUCTS_DIR; };
		72E044392AB2D94D0087591A /* AppDelegate.swift */ = {isa = PBXFileReference; lastKnownFileType = sourcecode.swift; path = AppDelegate.swift; sourceTree = "<group>"; };
		72E0443B2AB2D94D0087591A /* SceneDelegate.swift */ = {isa = PBXFileReference; lastKnownFileType = sourcecode.swift; path = SceneDelegate.swift; sourceTree = "<group>"; };
		72E0443D2AB2D94D0087591A /* AuthViewController.swift */ = {isa = PBXFileReference; lastKnownFileType = sourcecode.swift; path = AuthViewController.swift; sourceTree = "<group>"; };
		72E044422AB2D94E0087591A /* Assets.xcassets */ = {isa = PBXFileReference; lastKnownFileType = folder.assetcatalog; path = Assets.xcassets; sourceTree = "<group>"; };
		72E044452AB2D94E0087591A /* Base */ = {isa = PBXFileReference; lastKnownFileType = file.storyboard; name = Base; path = Base.lproj/LaunchScreen.storyboard; sourceTree = "<group>"; };
		72E044472AB2D94E0087591A /* Info.plist */ = {isa = PBXFileReference; lastKnownFileType = text.plist.xml; path = Info.plist; sourceTree = "<group>"; };
		72E0444F2AB2DABA0087591A /* AppStarter.swift */ = {isa = PBXFileReference; lastKnownFileType = sourcecode.swift; path = AppStarter.swift; sourceTree = "<group>"; };
		72E044582AB2DC5D0087591A /* RegisterViewModel.swift */ = {isa = PBXFileReference; lastKnownFileType = sourcecode.swift; path = RegisterViewModel.swift; sourceTree = "<group>"; };
		72E0445C2AB2E1D90087591A /* Preview+Extension.swift */ = {isa = PBXFileReference; lastKnownFileType = sourcecode.swift; path = "Preview+Extension.swift"; sourceTree = "<group>"; };
		72E0445F2AB2E54C0087591A /* ThoughtsButton.swift */ = {isa = PBXFileReference; lastKnownFileType = sourcecode.swift; path = ThoughtsButton.swift; sourceTree = "<group>"; };
		72E044632AB2EE690087591A /* RegisterViewController.swift */ = {isa = PBXFileReference; lastKnownFileType = sourcecode.swift; path = RegisterViewController.swift; sourceTree = "<group>"; };
		72E044652AB2F33D0087591A /* AuthField.swift */ = {isa = PBXFileReference; lastKnownFileType = sourcecode.swift; path = AuthField.swift; sourceTree = "<group>"; };
		72E044672AB45DF20087591A /* LoginViewController.swift */ = {isa = PBXFileReference; lastKnownFileType = sourcecode.swift; path = LoginViewController.swift; sourceTree = "<group>"; };
		72E0446A2AB50B410087591A /* BusinessLogicResolver.swift */ = {isa = PBXFileReference; lastKnownFileType = sourcecode.swift; path = BusinessLogicResolver.swift; sourceTree = "<group>"; };
		BBEC0C7D5B2D8188B6AA2766 /* Pods-Thoughts.release.xcconfig */ = {isa = PBXFileReference; includeInIndex = 1; lastKnownFileType = text.xcconfig; name = "Pods-Thoughts.release.xcconfig"; path = "Target Support Files/Pods-Thoughts/Pods-Thoughts.release.xcconfig"; sourceTree = "<group>"; };
		D4AF7B5633280CD0C2DF7A2E /* Pods-Thoughts.debug.xcconfig */ = {isa = PBXFileReference; includeInIndex = 1; lastKnownFileType = text.xcconfig; name = "Pods-Thoughts.debug.xcconfig"; path = "Target Support Files/Pods-Thoughts/Pods-Thoughts.debug.xcconfig"; sourceTree = "<group>"; };
/* End PBXFileReference section */

/* Begin PBXFrameworksBuildPhase section */
		72E044332AB2D94D0087591A /* Frameworks */ = {
			isa = PBXFrameworksBuildPhase;
			buildActionMask = 2147483647;
			files = (
				873DBDF06E4EFFF473A9712A /* Pods_Thoughts.framework in Frameworks */,
			);
			runOnlyForDeploymentPostprocessing = 0;
		};
/* End PBXFrameworksBuildPhase section */

/* Begin PBXGroup section */
		726F42B32AB86CCA0062D7ED /* UseCases */ = {
			isa = PBXGroup;
			children = (
				726F42BA2AB8718A0062D7ED /* CreateUserUseCase.swift */,
				726F42E52AB8B6A90062D7ED /* IsUserAuthorizedUseCase.swift */,
				72B8C3EF2AB9923800D941E1 /* SignInUserUseCase.swift */,
				72B8C4132ABE1F6300D941E1 /* ListenAuthUseCase.swift */,
			);
			path = UseCases;
			sourceTree = "<group>";
		};
		726F42B62AB86D070062D7ED /* Repositories */ = {
			isa = PBXGroup;
			children = (
				726F42BE2AB8821A0062D7ED /* AuthRepository.swift */,
				726F42CA2AB89EBA0062D7ED /* UserRepository.swift */,
			);
			path = Repositories;
			sourceTree = "<group>";
		};
		726F42B72AB86D100062D7ED /* Models */ = {
			isa = PBXGroup;
			children = (
				726F42CC2AB89EF10062D7ED /* User.swift */,
				726F42D02AB89FC60062D7ED /* CreateUserInfo.swift */,
			);
			path = Models;
			sourceTree = "<group>";
		};
		726F42C02AB883870062D7ED /* Repositories */ = {
			isa = PBXGroup;
			children = (
				726F42C12AB883960062D7ED /* AuthRepositoryImpl.swift */,
				726F42CE2AB89F9C0062D7ED /* UserRepositoryImpl.swift */,
			);
			path = Repositories;
			sourceTree = "<group>";
		};
		726F42C52AB88ADD0062D7ED /* DI */ = {
			isa = PBXGroup;
			children = (
			);
			path = DI;
			sourceTree = "<group>";
		};
		726F42D22AB8A06B0062D7ED /* Resources */ = {
			isa = PBXGroup;
			children = (
				726F42D32AB8A0790062D7ED /* UserRemoteResourceImpl.swift */,
			);
			path = Resources;
			sourceTree = "<group>";
		};
		726F42D52AB8A0C10062D7ED /* Remote */ = {
			isa = PBXGroup;
			children = (
				726F42D62AB8A0D00062D7ED /* UserRemoteResource.swift */,
			);
			path = Remote;
			sourceTree = "<group>";
		};
		726F42DE2AB8ADB60062D7ED /* Feed */ = {
			isa = PBXGroup;
			children = (
				72B8C3F12AB9AE5B00D941E1 /* Views */,
				726F42DF2AB8ADE90062D7ED /* Controllers */,
			);
			path = Feed;
			sourceTree = "<group>";
		};
		726F42DF2AB8ADE90062D7ED /* Controllers */ = {
			isa = PBXGroup;
			children = (
				726F42E02AB8ADFD0062D7ED /* FeedViewController.swift */,
			);
			path = Controllers;
			sourceTree = "<group>";
		};
		726F42E72AB8B9890062D7ED /* Errors */ = {
			isa = PBXGroup;
			children = (
				726F42E82AB8B9960062D7ED /* AuthErrors.swift */,
				726F42ED2AB8BDC50062D7ED /* UserErrors.swift */,
			);
			path = Errors;
			sourceTree = "<group>";
		};
		726F42EF2AB8BE110062D7ED /* Mappers */ = {
			isa = PBXGroup;
			children = (
				726F42F02AB8BE200062D7ED /* UserMapper.swift */,
			);
			path = Mappers;
			sourceTree = "<group>";
		};
		72B8C3EC2AB98A4F00D941E1 /* Validators */ = {
			isa = PBXGroup;
			children = (
				72B8C3ED2AB98A6400D941E1 /* FieldValidators.swift */,
			);
			path = Validators;
			sourceTree = "<group>";
		};
		72B8C3F12AB9AE5B00D941E1 /* Views */ = {
			isa = PBXGroup;
			children = (
				72B8C3F22AB9AE7E00D941E1 /* FeedCell.swift */,
			);
			path = Views;
			sourceTree = "<group>";
		};
		72B8C3FB2ABB1D2A00D941E1 /* Firebase */ = {
			isa = PBXGroup;
			children = (
				72B8C4032ABB20AC00D941E1 /* Firestore */,
				72B8C3FC2ABB1DBB00D941E1 /* Auth */,
				72B8C4062ABB21DB00D941E1 /* FirebaseError.swift */,
			);
			path = Firebase;
			sourceTree = "<group>";
		};
		72B8C3FC2ABB1DBB00D941E1 /* Auth */ = {
			isa = PBXGroup;
			children = (
				72B8C3FD2ABB1DC500D941E1 /* Auth+Extension.swift */,
			);
			path = Auth;
			sourceTree = "<group>";
		};
		72B8C3FF2ABB1F9E00D941E1 /* Shared */ = {
			isa = PBXGroup;
			children = (
				72B8C4002ABB1FA600D941E1 /* Extensions */,
			);
			path = Shared;
			sourceTree = "<group>";
		};
		72B8C4002ABB1FA600D941E1 /* Extensions */ = {
			isa = PBXGroup;
			children = (
				72B8C3FB2ABB1D2A00D941E1 /* Firebase */,
			);
			path = Extensions;
			sourceTree = "<group>";
		};
		72B8C4012ABB1FC300D941E1 /* Shared */ = {
			isa = PBXGroup;
			children = (
				72B8C4022ABB1FD300D941E1 /* Extensions */,
				726F42C52AB88ADD0062D7ED /* DI */,
				726F42DC2AB8A5F70062D7ED /* Errors.swift */,
				726F42BC2AB873C90062D7ED /* WorkScheduler.swift */,
			);
			path = Shared;
			sourceTree = "<group>";
		};
		72B8C4022ABB1FD300D941E1 /* Extensions */ = {
			isa = PBXGroup;
			children = (
				726F42D92AB8A4150062D7ED /* Result+Extension.swift */,
			);
			path = Extensions;
			sourceTree = "<group>";
		};
		72B8C4032ABB20AC00D941E1 /* Firestore */ = {
			isa = PBXGroup;
			children = (
				72B8C4042ABB20EE00D941E1 /* DocumentReference+Extension.swift */,
			);
			path = Firestore;
			sourceTree = "<group>";
		};
		72B8C40B2ABDD25600D941E1 /* Coordinator */ = {
			isa = PBXGroup;
			children = (
				72B8C4092ABDD24200D941E1 /* AppCoordinator.swift */,
				72B8C40C2ABDD26400D941E1 /* Coordinator.swift */,
			);
			path = Coordinator;
			sourceTree = "<group>";
		};
		72B8C40E2ABE1D3800D941E1 /* Coordinators */ = {
			isa = PBXGroup;
			children = (
				72B8C4112ABE1ED700D941E1 /* AuthCoordinator.swift */,
			);
			path = Coordinators;
			sourceTree = "<group>";
		};
		72E0442D2AB2D94D0087591A = {
			isa = PBXGroup;
			children = (
				72E044382AB2D94D0087591A /* Thoughts */,
				72E044372AB2D94D0087591A /* Products */,
				7FF19A6CDFEE94C63577FA1B /* Pods */,
				7FDDDF77D552EDC2EB7799FD /* Frameworks */,
			);
			sourceTree = "<group>";
		};
		72E044372AB2D94D0087591A /* Products */ = {
			isa = PBXGroup;
			children = (
				72E044362AB2D94D0087591A /* Thoughts.app */,
			);
			name = Products;
			sourceTree = "<group>";
		};
		72E044382AB2D94D0087591A /* Thoughts */ = {
			isa = PBXGroup;
			children = (
				72E044532AB2DBD80087591A /* UI */,
				72E044542AB2DBE90087591A /* Domain */,
				72E044522AB2DBD30087591A /* Data */,
				72E0444D2AB2DA4D0087591A /* Application */,
				72E0444E2AB2DA650087591A /* Resources */,
				726F42C32AB886B80062D7ED /* GoogleService-Info.plist */,
				72E044472AB2D94E0087591A /* Info.plist */,
			);
			path = Thoughts;
			sourceTree = "<group>";
		};
		72E0444D2AB2DA4D0087591A /* Application */ = {
			isa = PBXGroup;
			children = (
				72B8C4012ABB1FC300D941E1 /* Shared */,
				72E044392AB2D94D0087591A /* AppDelegate.swift */,
				72E0443B2AB2D94D0087591A /* SceneDelegate.swift */,
				72E0444F2AB2DABA0087591A /* AppStarter.swift */,
			);
			path = Application;
			sourceTree = "<group>";
		};
		72E0444E2AB2DA650087591A /* Resources */ = {
			isa = PBXGroup;
			children = (
				72E044422AB2D94E0087591A /* Assets.xcassets */,
				72E044442AB2D94E0087591A /* LaunchScreen.storyboard */,
			);
			path = Resources;
			sourceTree = "<group>";
		};
		72E044522AB2DBD30087591A /* Data */ = {
			isa = PBXGroup;
			children = (
				72B8C3FF2ABB1F9E00D941E1 /* Shared */,
				726F42EF2AB8BE110062D7ED /* Mappers */,
				726F42D22AB8A06B0062D7ED /* Resources */,
				726F42C02AB883870062D7ED /* Repositories */,
			);
			path = Data;
			sourceTree = "<group>";
		};
		72E044532AB2DBD80087591A /* UI */ = {
			isa = PBXGroup;
			children = (
				72E0445A2AB2E1BF0087591A /* Shared */,
				726F42DE2AB8ADB60062D7ED /* Feed */,
				72E044552AB2DBF80087591A /* Auth */,
			);
			path = UI;
			sourceTree = "<group>";
		};
		72E044542AB2DBE90087591A /* Domain */ = {
			isa = PBXGroup;
			children = (
				726F42E72AB8B9890062D7ED /* Errors */,
				726F42B72AB86D100062D7ED /* Models */,
				726F42D52AB8A0C10062D7ED /* Remote */,
				726F42B62AB86D070062D7ED /* Repositories */,
				726F42B32AB86CCA0062D7ED /* UseCases */,
				726F42B82AB8703E0062D7ED /* UseCase.swift */,
			);
			path = Domain;
			sourceTree = "<group>";
		};
		72E044552AB2DBF80087591A /* Auth */ = {
			isa = PBXGroup;
			children = (
				72B8C40E2ABE1D3800D941E1 /* Coordinators */,
				72E044622AB2EE330087591A /* ViewModels */,
				72E044612AB2EE2D0087591A /* Controllers */,
				72E044562AB2DC400087591A /* Views */,
			);
			path = Auth;
			sourceTree = "<group>";
		};
		72E044562AB2DC400087591A /* Views */ = {
			isa = PBXGroup;
			children = (
				72E044652AB2F33D0087591A /* AuthField.swift */,
			);
			path = Views;
			sourceTree = "<group>";
		};
		72E0445A2AB2E1BF0087591A /* Shared */ = {
			isa = PBXGroup;
			children = (
				72B8C40B2ABDD25600D941E1 /* Coordinator */,
				72B8C3EC2AB98A4F00D941E1 /* Validators */,
				72E044692AB50B2C0087591A /* StateManagement */,
				72E0445E2AB2E52E0087591A /* Views */,
				72E0445B2AB2E1C50087591A /* Extensions */,
			);
			path = Shared;
			sourceTree = "<group>";
		};
		72E0445B2AB2E1C50087591A /* Extensions */ = {
			isa = PBXGroup;
			children = (
				72E0445C2AB2E1D90087591A /* Preview+Extension.swift */,
			);
			path = Extensions;
			sourceTree = "<group>";
		};
		72E0445E2AB2E52E0087591A /* Views */ = {
			isa = PBXGroup;
			children = (
				72E0445F2AB2E54C0087591A /* ThoughtsButton.swift */,
			);
			path = Views;
			sourceTree = "<group>";
		};
		72E044612AB2EE2D0087591A /* Controllers */ = {
			isa = PBXGroup;
			children = (
				72E0443D2AB2D94D0087591A /* AuthViewController.swift */,
				72E044632AB2EE690087591A /* RegisterViewController.swift */,
				72E044672AB45DF20087591A /* LoginViewController.swift */,
			);
			path = Controllers;
			sourceTree = "<group>";
		};
		72E044622AB2EE330087591A /* ViewModels */ = {
			isa = PBXGroup;
			children = (
				72E044582AB2DC5D0087591A /* RegisterViewModel.swift */,
				72B8C3EA2AB9898200D941E1 /* LoginViewModel.swift */,
			);
			path = ViewModels;
			sourceTree = "<group>";
		};
		72E044692AB50B2C0087591A /* StateManagement */ = {
			isa = PBXGroup;
			children = (
				72E0446A2AB50B410087591A /* BusinessLogicResolver.swift */,
			);
			path = StateManagement;
			sourceTree = "<group>";
		};
		7FDDDF77D552EDC2EB7799FD /* Frameworks */ = {
			isa = PBXGroup;
			children = (
				5A0573B8931D772BF3FE9DFC /* Pods_Thoughts.framework */,
			);
			name = Frameworks;
			sourceTree = "<group>";
		};
		7FF19A6CDFEE94C63577FA1B /* Pods */ = {
			isa = PBXGroup;
			children = (
				D4AF7B5633280CD0C2DF7A2E /* Pods-Thoughts.debug.xcconfig */,
				BBEC0C7D5B2D8188B6AA2766 /* Pods-Thoughts.release.xcconfig */,
			);
			path = Pods;
			sourceTree = "<group>";
		};
/* End PBXGroup section */

/* Begin PBXNativeTarget section */
		72E044352AB2D94D0087591A /* Thoughts */ = {
			isa = PBXNativeTarget;
			buildConfigurationList = 72E0444A2AB2D94E0087591A /* Build configuration list for PBXNativeTarget "Thoughts" */;
			buildPhases = (
				34781521676205E64B4B2220 /* [CP] Check Pods Manifest.lock */,
				72E044322AB2D94D0087591A /* Sources */,
				72E044332AB2D94D0087591A /* Frameworks */,
				72E044342AB2D94D0087591A /* Resources */,
				37C2F5227D1A3D6E26F4D8A8 /* [CP] Embed Pods Frameworks */,
			);
			buildRules = (
			);
			dependencies = (
			);
			name = Thoughts;
			productName = Thoughts;
			productReference = 72E044362AB2D94D0087591A /* Thoughts.app */;
			productType = "com.apple.product-type.application";
		};
/* End PBXNativeTarget section */

/* Begin PBXProject section */
		72E0442E2AB2D94D0087591A /* Project object */ = {
			isa = PBXProject;
			attributes = {
				BuildIndependentTargetsInParallel = 1;
				LastSwiftUpdateCheck = 1420;
				LastUpgradeCheck = 1420;
				TargetAttributes = {
					72E044352AB2D94D0087591A = {
						CreatedOnToolsVersion = 14.2;
					};
				};
			};
			buildConfigurationList = 72E044312AB2D94D0087591A /* Build configuration list for PBXProject "Thoughts" */;
			compatibilityVersion = "Xcode 14.0";
			developmentRegion = en;
			hasScannedForEncodings = 0;
			knownRegions = (
				en,
				Base,
			);
			mainGroup = 72E0442D2AB2D94D0087591A;
			productRefGroup = 72E044372AB2D94D0087591A /* Products */;
			projectDirPath = "";
			projectRoot = "";
			targets = (
				72E044352AB2D94D0087591A /* Thoughts */,
			);
		};
/* End PBXProject section */

/* Begin PBXResourcesBuildPhase section */
		72E044342AB2D94D0087591A /* Resources */ = {
			isa = PBXResourcesBuildPhase;
			buildActionMask = 2147483647;
			files = (
				72E044462AB2D94E0087591A /* LaunchScreen.storyboard in Resources */,
				72E044432AB2D94E0087591A /* Assets.xcassets in Resources */,
				726F42C42AB886B80062D7ED /* GoogleService-Info.plist in Resources */,
			);
			runOnlyForDeploymentPostprocessing = 0;
		};
/* End PBXResourcesBuildPhase section */

/* Begin PBXShellScriptBuildPhase section */
		34781521676205E64B4B2220 /* [CP] Check Pods Manifest.lock */ = {
			isa = PBXShellScriptBuildPhase;
			buildActionMask = 2147483647;
			files = (
			);
			inputFileListPaths = (
			);
			inputPaths = (
				"${PODS_PODFILE_DIR_PATH}/Podfile.lock",
				"${PODS_ROOT}/Manifest.lock",
			);
			name = "[CP] Check Pods Manifest.lock";
			outputFileListPaths = (
			);
			outputPaths = (
				"$(DERIVED_FILE_DIR)/Pods-Thoughts-checkManifestLockResult.txt",
			);
			runOnlyForDeploymentPostprocessing = 0;
			shellPath = /bin/sh;
			shellScript = "diff \"${PODS_PODFILE_DIR_PATH}/Podfile.lock\" \"${PODS_ROOT}/Manifest.lock\" > /dev/null\nif [ $? != 0 ] ; then\n    # print error to STDERR\n    echo \"error: The sandbox is not in sync with the Podfile.lock. Run 'pod install' or update your CocoaPods installation.\" >&2\n    exit 1\nfi\n# This output is used by Xcode 'outputs' to avoid re-running this script phase.\necho \"SUCCESS\" > \"${SCRIPT_OUTPUT_FILE_0}\"\n";
			showEnvVarsInLog = 0;
		};
		37C2F5227D1A3D6E26F4D8A8 /* [CP] Embed Pods Frameworks */ = {
			isa = PBXShellScriptBuildPhase;
			buildActionMask = 2147483647;
			files = (
			);
			inputFileListPaths = (
				"${PODS_ROOT}/Target Support Files/Pods-Thoughts/Pods-Thoughts-frameworks-${CONFIGURATION}-input-files.xcfilelist",
			);
			name = "[CP] Embed Pods Frameworks";
			outputFileListPaths = (
				"${PODS_ROOT}/Target Support Files/Pods-Thoughts/Pods-Thoughts-frameworks-${CONFIGURATION}-output-files.xcfilelist",
			);
			runOnlyForDeploymentPostprocessing = 0;
			shellPath = /bin/sh;
			shellScript = "\"${PODS_ROOT}/Target Support Files/Pods-Thoughts/Pods-Thoughts-frameworks.sh\"\n";
			showEnvVarsInLog = 0;
		};
/* End PBXShellScriptBuildPhase section */

/* Begin PBXSourcesBuildPhase section */
		72E044322AB2D94D0087591A /* Sources */ = {
			isa = PBXSourcesBuildPhase;
			buildActionMask = 2147483647;
			files = (
				72B8C4072ABB21DB00D941E1 /* FirebaseError.swift in Sources */,
				72E044662AB2F33D0087591A /* AuthField.swift in Sources */,
				726F42E62AB8B6A90062D7ED /* IsUserAuthorizedUseCase.swift in Sources */,
				72B8C3EB2AB9898200D941E1 /* LoginViewModel.swift in Sources */,
				726F42BF2AB8821A0062D7ED /* AuthRepository.swift in Sources */,
				726F42CF2AB89F9C0062D7ED /* UserRepositoryImpl.swift in Sources */,
				726F42EE2AB8BDC50062D7ED /* UserErrors.swift in Sources */,
				726F42D42AB8A0790062D7ED /* UserRemoteResourceImpl.swift in Sources */,
				72E044592AB2DC5D0087591A /* RegisterViewModel.swift in Sources */,
				726F42E92AB8B9960062D7ED /* AuthErrors.swift in Sources */,
				726F42E12AB8ADFD0062D7ED /* FeedViewController.swift in Sources */,
				72B8C40A2ABDD24200D941E1 /* AppCoordinator.swift in Sources */,
				72B8C3FE2ABB1DC500D941E1 /* Auth+Extension.swift in Sources */,
				72E0443E2AB2D94D0087591A /* AuthViewController.swift in Sources */,
				726F42DD2AB8A5F70062D7ED /* Errors.swift in Sources */,
				72E0445D2AB2E1D90087591A /* Preview+Extension.swift in Sources */,
				72E044642AB2EE690087591A /* RegisterViewController.swift in Sources */,
				72E044502AB2DABA0087591A /* AppStarter.swift in Sources */,
				726F42F12AB8BE200062D7ED /* UserMapper.swift in Sources */,
				72B8C3F32AB9AE7E00D941E1 /* FeedCell.swift in Sources */,
				72B8C3EE2AB98A6400D941E1 /* FieldValidators.swift in Sources */,
				72B8C40D2ABDD26400D941E1 /* Coordinator.swift in Sources */,
				72B8C4142ABE1F6300D941E1 /* ListenAuthUseCase.swift in Sources */,
				726F42C22AB883960062D7ED /* AuthRepositoryImpl.swift in Sources */,
				726F42BD2AB873C90062D7ED /* WorkScheduler.swift in Sources */,
				726F42B92AB8703E0062D7ED /* UseCase.swift in Sources */,
				72E0443A2AB2D94D0087591A /* AppDelegate.swift in Sources */,
				726F42BB2AB8718A0062D7ED /* CreateUserUseCase.swift in Sources */,
				72B8C3F02AB9923800D941E1 /* SignInUserUseCase.swift in Sources */,
				72E0443C2AB2D94D0087591A /* SceneDelegate.swift in Sources */,
				72B8C4122ABE1ED700D941E1 /* AuthCoordinator.swift in Sources */,
				72E044682AB45DF20087591A /* LoginViewController.swift in Sources */,
				726F42DA2AB8A4150062D7ED /* Result+Extension.swift in Sources */,
				72E044602AB2E54C0087591A /* ThoughtsButton.swift in Sources */,
				72B8C4052ABB20EE00D941E1 /* DocumentReference+Extension.swift in Sources */,
				726F42CB2AB89EBA0062D7ED /* UserRepository.swift in Sources */,
				726F42D72AB8A0D00062D7ED /* UserRemoteResource.swift in Sources */,
				72E0446B2AB50B410087591A /* BusinessLogicResolver.swift in Sources */,
				726F42D12AB89FC60062D7ED /* CreateUserInfo.swift in Sources */,
				726F42CD2AB89EF10062D7ED /* User.swift in Sources */,
			);
			runOnlyForDeploymentPostprocessing = 0;
		};
/* End PBXSourcesBuildPhase section */

/* Begin PBXVariantGroup section */
		72E044442AB2D94E0087591A /* LaunchScreen.storyboard */ = {
			isa = PBXVariantGroup;
			children = (
				72E044452AB2D94E0087591A /* Base */,
			);
			name = LaunchScreen.storyboard;
			sourceTree = "<group>";
		};
/* End PBXVariantGroup section */

/* Begin XCBuildConfiguration section */
		72E044482AB2D94E0087591A /* Debug */ = {
			isa = XCBuildConfiguration;
			buildSettings = {
				ALWAYS_SEARCH_USER_PATHS = NO;
				CLANG_ANALYZER_NONNULL = YES;
				CLANG_ANALYZER_NUMBER_OBJECT_CONVERSION = YES_AGGRESSIVE;
				CLANG_CXX_LANGUAGE_STANDARD = "gnu++20";
				CLANG_ENABLE_MODULES = YES;
				CLANG_ENABLE_OBJC_ARC = YES;
				CLANG_ENABLE_OBJC_WEAK = YES;
				CLANG_WARN_BLOCK_CAPTURE_AUTORELEASING = YES;
				CLANG_WARN_BOOL_CONVERSION = YES;
				CLANG_WARN_COMMA = YES;
				CLANG_WARN_CONSTANT_CONVERSION = YES;
				CLANG_WARN_DEPRECATED_OBJC_IMPLEMENTATIONS = YES;
				CLANG_WARN_DIRECT_OBJC_ISA_USAGE = YES_ERROR;
				CLANG_WARN_DOCUMENTATION_COMMENTS = YES;
				CLANG_WARN_EMPTY_BODY = YES;
				CLANG_WARN_ENUM_CONVERSION = YES;
				CLANG_WARN_INFINITE_RECURSION = YES;
				CLANG_WARN_INT_CONVERSION = YES;
				CLANG_WARN_NON_LITERAL_NULL_CONVERSION = YES;
				CLANG_WARN_OBJC_IMPLICIT_RETAIN_SELF = YES;
				CLANG_WARN_OBJC_LITERAL_CONVERSION = YES;
				CLANG_WARN_OBJC_ROOT_CLASS = YES_ERROR;
				CLANG_WARN_QUOTED_INCLUDE_IN_FRAMEWORK_HEADER = YES;
				CLANG_WARN_RANGE_LOOP_ANALYSIS = YES;
				CLANG_WARN_STRICT_PROTOTYPES = YES;
				CLANG_WARN_SUSPICIOUS_MOVE = YES;
				CLANG_WARN_UNGUARDED_AVAILABILITY = YES_AGGRESSIVE;
				CLANG_WARN_UNREACHABLE_CODE = YES;
				CLANG_WARN__DUPLICATE_METHOD_MATCH = YES;
				COPY_PHASE_STRIP = NO;
				DEBUG_INFORMATION_FORMAT = dwarf;
				ENABLE_STRICT_OBJC_MSGSEND = YES;
				ENABLE_TESTABILITY = YES;
				GCC_C_LANGUAGE_STANDARD = gnu11;
				GCC_DYNAMIC_NO_PIC = NO;
				GCC_NO_COMMON_BLOCKS = YES;
				GCC_OPTIMIZATION_LEVEL = 0;
				GCC_PREPROCESSOR_DEFINITIONS = (
					"DEBUG=1",
					"$(inherited)",
				);
				GCC_WARN_64_TO_32_BIT_CONVERSION = YES;
				GCC_WARN_ABOUT_RETURN_TYPE = YES_ERROR;
				GCC_WARN_UNDECLARED_SELECTOR = YES;
				GCC_WARN_UNINITIALIZED_AUTOS = YES_AGGRESSIVE;
				GCC_WARN_UNUSED_FUNCTION = YES;
				GCC_WARN_UNUSED_VARIABLE = YES;
				IPHONEOS_DEPLOYMENT_TARGET = 16.2;
				MTL_ENABLE_DEBUG_INFO = INCLUDE_SOURCE;
				MTL_FAST_MATH = YES;
				ONLY_ACTIVE_ARCH = YES;
				SDKROOT = iphoneos;
				SWIFT_ACTIVE_COMPILATION_CONDITIONS = DEBUG;
				SWIFT_OPTIMIZATION_LEVEL = "-Onone";
			};
			name = Debug;
		};
		72E044492AB2D94E0087591A /* Release */ = {
			isa = XCBuildConfiguration;
			buildSettings = {
				ALWAYS_SEARCH_USER_PATHS = NO;
				CLANG_ANALYZER_NONNULL = YES;
				CLANG_ANALYZER_NUMBER_OBJECT_CONVERSION = YES_AGGRESSIVE;
				CLANG_CXX_LANGUAGE_STANDARD = "gnu++20";
				CLANG_ENABLE_MODULES = YES;
				CLANG_ENABLE_OBJC_ARC = YES;
				CLANG_ENABLE_OBJC_WEAK = YES;
				CLANG_WARN_BLOCK_CAPTURE_AUTORELEASING = YES;
				CLANG_WARN_BOOL_CONVERSION = YES;
				CLANG_WARN_COMMA = YES;
				CLANG_WARN_CONSTANT_CONVERSION = YES;
				CLANG_WARN_DEPRECATED_OBJC_IMPLEMENTATIONS = YES;
				CLANG_WARN_DIRECT_OBJC_ISA_USAGE = YES_ERROR;
				CLANG_WARN_DOCUMENTATION_COMMENTS = YES;
				CLANG_WARN_EMPTY_BODY = YES;
				CLANG_WARN_ENUM_CONVERSION = YES;
				CLANG_WARN_INFINITE_RECURSION = YES;
				CLANG_WARN_INT_CONVERSION = YES;
				CLANG_WARN_NON_LITERAL_NULL_CONVERSION = YES;
				CLANG_WARN_OBJC_IMPLICIT_RETAIN_SELF = YES;
				CLANG_WARN_OBJC_LITERAL_CONVERSION = YES;
				CLANG_WARN_OBJC_ROOT_CLASS = YES_ERROR;
				CLANG_WARN_QUOTED_INCLUDE_IN_FRAMEWORK_HEADER = YES;
				CLANG_WARN_RANGE_LOOP_ANALYSIS = YES;
				CLANG_WARN_STRICT_PROTOTYPES = YES;
				CLANG_WARN_SUSPICIOUS_MOVE = YES;
				CLANG_WARN_UNGUARDED_AVAILABILITY = YES_AGGRESSIVE;
				CLANG_WARN_UNREACHABLE_CODE = YES;
				CLANG_WARN__DUPLICATE_METHOD_MATCH = YES;
				COPY_PHASE_STRIP = NO;
				DEBUG_INFORMATION_FORMAT = "dwarf-with-dsym";
				ENABLE_NS_ASSERTIONS = NO;
				ENABLE_STRICT_OBJC_MSGSEND = YES;
				GCC_C_LANGUAGE_STANDARD = gnu11;
				GCC_NO_COMMON_BLOCKS = YES;
				GCC_WARN_64_TO_32_BIT_CONVERSION = YES;
				GCC_WARN_ABOUT_RETURN_TYPE = YES_ERROR;
				GCC_WARN_UNDECLARED_SELECTOR = YES;
				GCC_WARN_UNINITIALIZED_AUTOS = YES_AGGRESSIVE;
				GCC_WARN_UNUSED_FUNCTION = YES;
				GCC_WARN_UNUSED_VARIABLE = YES;
				IPHONEOS_DEPLOYMENT_TARGET = 16.2;
				MTL_ENABLE_DEBUG_INFO = NO;
				MTL_FAST_MATH = YES;
				SDKROOT = iphoneos;
				SWIFT_COMPILATION_MODE = wholemodule;
				SWIFT_OPTIMIZATION_LEVEL = "-O";
				VALIDATE_PRODUCT = YES;
			};
			name = Release;
		};
		72E0444B2AB2D94E0087591A /* Debug */ = {
			isa = XCBuildConfiguration;
			baseConfigurationReference = D4AF7B5633280CD0C2DF7A2E /* Pods-Thoughts.debug.xcconfig */;
			buildSettings = {
				ASSETCATALOG_COMPILER_APPICON_NAME = AppIcon;
				ASSETCATALOG_COMPILER_GLOBAL_ACCENT_COLOR_NAME = AccentColor;
				CODE_SIGN_STYLE = Automatic;
				CURRENT_PROJECT_VERSION = 1;
				DEVELOPMENT_TEAM = 78223NQD36;
				GENERATE_INFOPLIST_FILE = YES;
				INFOPLIST_FILE = Thoughts/Info.plist;
				INFOPLIST_KEY_UIApplicationSupportsIndirectInputEvents = YES;
				INFOPLIST_KEY_UILaunchStoryboardName = LaunchScreen;
				INFOPLIST_KEY_UIStatusBarStyle = "";
				INFOPLIST_KEY_UISupportedInterfaceOrientations = UIInterfaceOrientationPortrait;
				INFOPLIST_KEY_UISupportedInterfaceOrientations_iPad = "UIInterfaceOrientationLandscapeLeft UIInterfaceOrientationLandscapeRight";
				LD_RUNPATH_SEARCH_PATHS = (
					"$(inherited)",
					"@executable_path/Frameworks",
				);
				MARKETING_VERSION = 1.0;
				PRODUCT_BUNDLE_IDENTIFIER = me.thoughts;
				PRODUCT_NAME = "$(TARGET_NAME)";
				SUPPORTED_PLATFORMS = "iphoneos iphonesimulator";
				SUPPORTS_MACCATALYST = NO;
				SUPPORTS_MAC_DESIGNED_FOR_IPHONE_IPAD = NO;
				SWIFT_EMIT_LOC_STRINGS = YES;
				SWIFT_VERSION = 5.0;
				TARGETED_DEVICE_FAMILY = 1;
			};
			name = Debug;
		};
		72E0444C2AB2D94E0087591A /* Release */ = {
			isa = XCBuildConfiguration;
			baseConfigurationReference = BBEC0C7D5B2D8188B6AA2766 /* Pods-Thoughts.release.xcconfig */;
			buildSettings = {
				ASSETCATALOG_COMPILER_APPICON_NAME = AppIcon;
				ASSETCATALOG_COMPILER_GLOBAL_ACCENT_COLOR_NAME = AccentColor;
				CODE_SIGN_STYLE = Automatic;
				CURRENT_PROJECT_VERSION = 1;
				DEVELOPMENT_TEAM = 78223NQD36;
				GENERATE_INFOPLIST_FILE = YES;
				INFOPLIST_FILE = Thoughts/Info.plist;
				INFOPLIST_KEY_UIApplicationSupportsIndirectInputEvents = YES;
				INFOPLIST_KEY_UILaunchStoryboardName = LaunchScreen;
				INFOPLIST_KEY_UIStatusBarStyle = "";
				INFOPLIST_KEY_UISupportedInterfaceOrientations = UIInterfaceOrientationPortrait;
				INFOPLIST_KEY_UISupportedInterfaceOrientations_iPad = "UIInterfaceOrientationLandscapeLeft UIInterfaceOrientationLandscapeRight";
				LD_RUNPATH_SEARCH_PATHS = (
					"$(inherited)",
					"@executable_path/Frameworks",
				);
				MARKETING_VERSION = 1.0;
				PRODUCT_BUNDLE_IDENTIFIER = me.thoughts;
				PRODUCT_NAME = "$(TARGET_NAME)";
				SUPPORTED_PLATFORMS = "iphoneos iphonesimulator";
				SUPPORTS_MACCATALYST = NO;
				SUPPORTS_MAC_DESIGNED_FOR_IPHONE_IPAD = NO;
				SWIFT_EMIT_LOC_STRINGS = YES;
				SWIFT_VERSION = 5.0;
				TARGETED_DEVICE_FAMILY = 1;
			};
			name = Release;
		};
/* End XCBuildConfiguration section */

/* Begin XCConfigurationList section */
		72E044312AB2D94D0087591A /* Build configuration list for PBXProject "Thoughts" */ = {
			isa = XCConfigurationList;
			buildConfigurations = (
				72E044482AB2D94E0087591A /* Debug */,
				72E044492AB2D94E0087591A /* Release */,
			);
			defaultConfigurationIsVisible = 0;
			defaultConfigurationName = Release;
		};
		72E0444A2AB2D94E0087591A /* Build configuration list for PBXNativeTarget "Thoughts" */ = {
			isa = XCConfigurationList;
			buildConfigurations = (
				72E0444B2AB2D94E0087591A /* Debug */,
				72E0444C2AB2D94E0087591A /* Release */,
			);
			defaultConfigurationIsVisible = 0;
			defaultConfigurationName = Release;
		};
/* End XCConfigurationList section */
	};
	rootObject = 72E0442E2AB2D94D0087591A /* Project object */;
}
